
Microsoft Visual Studio Solution File, Format Version 12.00
# Visual Studio Version 17
VisualStudioVersion = 17.11.35312.102
MinimumVisualStudioVersion = 10.0.40219.1
Project("{FAE04EC0-301F-11D3-BF4B-00C04F79EFBC}") = "MainSubjects", "MainSubjects\MainSubjects.csproj", "{88C643A0-DC0A-4CBC-B202-408C643D0874}"
EndProject
Project("{FAE04EC0-301F-11D3-BF4B-00C04F79EFBC}") = "02_Variables", "02_Variables\02_Variables.csproj", "{C3EAE3DD-6069-461D-B569-9DAE7BE9FD66}"
EndProject
Global
	GlobalSection(SolutionConfigurationPlatforms) = preSolution
		Debug|Any CPU = Debug|Any CPU
		Release|Any CPU = Release|Any CPU
	EndGlobalSection
	GlobalSection(ProjectConfigurationPlatforms) = postSolution
		{88C643A0-DC0A-4CBC-B202-408C643D0874}.Debug|Any CPU.ActiveCfg = Debug|Any CPU
		{88C643A0-DC0A-4CBC-B202-408C643D0874}.Debug|Any CPU.Build.0 = Debug|Any CPU
		{88C643A0-DC0A-4CBC-B202-408C643D0874}.Release|Any CPU.ActiveCfg = Release|Any CPU
		{88C643A0-DC0A-4CBC-B202-408C643D0874}.Release|Any CPU.Build.0 = Release|Any CPU
		{C3EAE3DD-6069-461D-B569-9DAE7BE9FD66}.Debug|Any CPU.ActiveCfg = Debug|Any CPU
		{C3EAE3DD-6069-461D-B569-9DAE7BE9FD66}.Debug|Any CPU.Build.0 = Debug|Any CPU
		{C3EAE3DD-6069-461D-B569-9DAE7BE9FD66}.Release|Any CPU.ActiveCfg = Release|Any CPU
		{C3EAE3DD-6069-461D-B569-9DAE7BE9FD66}.Release|Any CPU.Build.0 = Release|Any CPU
	EndGlobalSection
	GlobalSection(SolutionProperties) = preSolution
		HideSolutionNode = FALSE
	EndGlobalSection
	GlobalSection(ExtensibilityGlobals) = postSolution
		SolutionGuid = {A132A167-9E00-497E-AD51-E52F4B5E92F4}
	EndGlobalSection
EndGlobal
